
Microsoft Visual Studio Solution File, Format Version 12.00
# Visual Studio 2012
Project("{FAE04EC0-301F-11D3-BF4B-00C04F79EFBC}") = "Gemfury.WorldDotNet", "Gemfury.WorldDotNet\Gemfury.WorldDotNet.csproj", "{559DA043-98A3-4F5D-A5F6-00DF84487F4E}"
EndProject
Global
	GlobalSection(SolutionConfigurationPlatforms) = preSolution
		Debug|Any CPU = Debug|Any CPU
		Release|Any CPU = Release|Any CPU
	EndGlobalSection
	GlobalSection(ProjectConfigurationPlatforms) = postSolution
		{559DA043-98A3-4F5D-A5F6-00DF84487F4E}.Debug|Any CPU.ActiveCfg = Debug|Any CPU
		{559DA043-98A3-4F5D-A5F6-00DF84487F4E}.Debug|Any CPU.Build.0 = Debug|Any CPU
		{559DA043-98A3-4F5D-A5F6-00DF84487F4E}.Release|Any CPU.ActiveCfg = Release|Any CPU
		{559DA043-98A3-4F5D-A5F6-00DF84487F4E}.Release|Any CPU.Build.0 = Release|Any CPU
	EndGlobalSection
	GlobalSection(MonoDevelopProperties) = preSolution
		version = 0.2
	EndGlobalSection
EndGlobal
